Microsoft Visual Studio Solution File, Format Version 12.00
# Visual Studio Version 17
VisualStudioVersion = 17.5.2.0
MinimumVisualStudioVersion = 10.0.40219.1
Project("{FAE04EC0-301F-11D3-BF4B-00C04F79EFBC}") = "ErrorExceptionHandling", "ErrorExceptionHandling.csproj", "{C31DA78E-720D-6990-CF37-1E9E918F744D}"
EndProject
Global
	GlobalSection(SolutionConfigurationPlatforms) = preSolution
		Debug|Any CPU = Debug|Any CPU
		Release|Any CPU = Release|Any CPU
	EndGlobalSection
	GlobalSection(ProjectConfigurationPlatforms) = postSolution
		{C31DA78E-720D-6990-CF37-1E9E918F744D}.Debug|Any CPU.ActiveCfg = Debug|Any CPU
		{C31DA78E-720D-6990-CF37-1E9E918F744D}.Debug|Any CPU.Build.0 = Debug|Any CPU
		{C31DA78E-720D-6990-CF37-1E9E918F744D}.Release|Any CPU.ActiveCfg = Release|Any CPU
		{C31DA78E-720D-6990-CF37-1E9E918F744D}.Release|Any CPU.Build.0 = Release|Any CPU
	EndGlobalSection
	GlobalSection(SolutionProperties) = preSolution
		HideSolutionNode = FALSE
	EndGlobalSection
	GlobalSection(ExtensibilityGlobals) = postSolution
		SolutionGuid = {08969F0F-7DEC-4DC0-966D-52D5B9ECB885}
	EndGlobalSection
EndGlobal
