Microsoft Visual Studio Solution File, Format Version 12.00
# Visual Studio Version 17
VisualStudioVersion = 17.5.2.0
MinimumVisualStudioVersion = 10.0.40219.1
Project("{FAE04EC0-301F-11D3-BF4B-00C04F79EFBC}") = "ZooProgram", "ZooProgram.csproj", "{FBCD45FB-1C79-F1CA-ED14-C9750B668533}"
EndProject
Global
	GlobalSection(SolutionConfigurationPlatforms) = preSolution
		Debug|Any CPU = Debug|Any CPU
		Release|Any CPU = Release|Any CPU
	EndGlobalSection
	GlobalSection(ProjectConfigurationPlatforms) = postSolution
		{FBCD45FB-1C79-F1CA-ED14-C9750B668533}.Debug|Any CPU.ActiveCfg = Debug|Any CPU
		{FBCD45FB-1C79-F1CA-ED14-C9750B668533}.Debug|Any CPU.Build.0 = Debug|Any CPU
		{FBCD45FB-1C79-F1CA-ED14-C9750B668533}.Release|Any CPU.ActiveCfg = Release|Any CPU
		{FBCD45FB-1C79-F1CA-ED14-C9750B668533}.Release|Any CPU.Build.0 = Release|Any CPU
	EndGlobalSection
	GlobalSection(SolutionProperties) = preSolution
		HideSolutionNode = FALSE
	EndGlobalSection
	GlobalSection(ExtensibilityGlobals) = postSolution
		SolutionGuid = {3169D0EB-945B-479B-98A3-CE52CEE8410D}
	EndGlobalSection
EndGlobal
