Microsoft Visual Studio Solution File, Format Version 12.00
# Visual Studio Version 17
VisualStudioVersion = 17.5.2.0
MinimumVisualStudioVersion = 10.0.40219.1
Project("{FAE04EC0-301F-11D3-BF4B-00C04F79EFBC}") = "DoCasting", "DoCasting.csproj", "{C03F3E40-A72E-25EC-2C00-71BA924FDC1B}"
EndProject
Global
	GlobalSection(SolutionConfigurationPlatforms) = preSolution
		Debug|Any CPU = Debug|Any CPU
		Release|Any CPU = Release|Any CPU
	EndGlobalSection
	GlobalSection(ProjectConfigurationPlatforms) = postSolution
		{C03F3E40-A72E-25EC-2C00-71BA924FDC1B}.Debug|Any CPU.ActiveCfg = Debug|Any CPU
		{C03F3E40-A72E-25EC-2C00-71BA924FDC1B}.Debug|Any CPU.Build.0 = Debug|Any CPU
		{C03F3E40-A72E-25EC-2C00-71BA924FDC1B}.Release|Any CPU.ActiveCfg = Release|Any CPU
		{C03F3E40-A72E-25EC-2C00-71BA924FDC1B}.Release|Any CPU.Build.0 = Release|Any CPU
	EndGlobalSection
	GlobalSection(SolutionProperties) = preSolution
		HideSolutionNode = FALSE
	EndGlobalSection
	GlobalSection(ExtensibilityGlobals) = postSolution
		SolutionGuid = {B5FA1089-33A4-4D86-BC78-1AA465E46A75}
	EndGlobalSection
EndGlobal
